
Microsoft Visual Studio Solution File, Format Version 12.00
# Visual Studio 15
VisualStudioVersion = 15.0.27004.2006
MinimumVisualStudioVersion = 10.0.40219.1
Project("{FAE04EC0-301F-11D3-BF4B-00C04F79EFBC}") = "VirtoCommerce.CustomReview.Web", "VirtoCommerce.CustomReview.Web\VirtoCommerce.CustomReview.Web.csproj", "{E8DFB307-82F6-44FE-B633-0D8B69190C73}"
EndProject
Global
	GlobalSection(SolutionConfigurationPlatforms) = preSolution
		Debug|Any CPU = Debug|Any CPU
		Release|Any CPU = Release|Any CPU
	EndGlobalSection
	GlobalSection(ProjectConfigurationPlatforms) = postSolution
		{E8DFB307-82F6-44FE-B633-0D8B69190C73}.Debug|Any CPU.ActiveCfg = Debug|Any CPU
		{E8DFB307-82F6-44FE-B633-0D8B69190C73}.Debug|Any CPU.Build.0 = Debug|Any CPU
		{E8DFB307-82F6-44FE-B633-0D8B69190C73}.Release|Any CPU.ActiveCfg = Release|Any CPU
		{E8DFB307-82F6-44FE-B633-0D8B69190C73}.Release|Any CPU.Build.0 = Release|Any CPU
	EndGlobalSection
	GlobalSection(SolutionProperties) = preSolution
		HideSolutionNode = FALSE
	EndGlobalSection
	GlobalSection(ExtensibilityGlobals) = postSolution
		SolutionGuid = {043D44F7-99D7-4469-AF89-C3348F56C21E}
	EndGlobalSection
EndGlobal
